
Microsoft Visual Studio Solution File, Format Version 12.00
# Visual Studio 15
VisualStudioVersion = 15.0.27428.2015
MinimumVisualStudioVersion = 10.0.40219.1
Project("{FAE04EC0-301F-11D3-BF4B-00C04F79EFBC}") = "RestAngularWCF", "RestAngularWCF\RestAngularWCF.csproj", "{A8041130-8E67-4ED9-B449-D35FCC85EB79}"
EndProject
Project("{FAE04EC0-301F-11D3-BF4B-00C04F79EFBC}") = "WebApplication1", "WebApplication1\WebApplication1.csproj", "{D80FFBE5-46CD-4FA4-9A77-DDBFD3A98288}"
	ProjectSection(ProjectDependencies) = postProject
		{A8041130-8E67-4ED9-B449-D35FCC85EB79} = {A8041130-8E67-4ED9-B449-D35FCC85EB79}
	EndProjectSection
EndProject
Global
	GlobalSection(SolutionConfigurationPlatforms) = preSolution
		Debug|Any CPU = Debug|Any CPU
		Release|Any CPU = Release|Any CPU
	EndGlobalSection
	GlobalSection(ProjectConfigurationPlatforms) = postSolution
		{A8041130-8E67-4ED9-B449-D35FCC85EB79}.Debug|Any CPU.ActiveCfg = Debug|Any CPU
		{A8041130-8E67-4ED9-B449-D35FCC85EB79}.Debug|Any CPU.Build.0 = Debug|Any CPU
		{A8041130-8E67-4ED9-B449-D35FCC85EB79}.Release|Any CPU.ActiveCfg = Release|Any CPU
		{A8041130-8E67-4ED9-B449-D35FCC85EB79}.Release|Any CPU.Build.0 = Release|Any CPU
		{D80FFBE5-46CD-4FA4-9A77-DDBFD3A98288}.Debug|Any CPU.ActiveCfg = Debug|Any CPU
		{D80FFBE5-46CD-4FA4-9A77-DDBFD3A98288}.Debug|Any CPU.Build.0 = Debug|Any CPU
		{D80FFBE5-46CD-4FA4-9A77-DDBFD3A98288}.Release|Any CPU.ActiveCfg = Release|Any CPU
		{D80FFBE5-46CD-4FA4-9A77-DDBFD3A98288}.Release|Any CPU.Build.0 = Release|Any CPU
	EndGlobalSection
	GlobalSection(SolutionProperties) = preSolution
		HideSolutionNode = FALSE
	EndGlobalSection
	GlobalSection(ExtensibilityGlobals) = postSolution
		SolutionGuid = {123729D4-6EBB-43E2-84A9-0709EDE2831D}
	EndGlobalSection
EndGlobal
